{
  "requires": true,
  "lockfileVersion": 1,
  "dependencies": {
    "redux-state-tools": {
      "version": "1.0.1",
      "resolved": "https://registry.npmjs.org/redux-state-tools/-/redux-state-tools-1.0.1.tgz",
      "integrity": "sha512-E03jABN1ZJV6AvERSjJDzQC2M8TAeJyB2r4chbVAh3HgVfi5+qweiCXrfu64Deq0erEe8w5dq2v80kOn3Bbm3A=="
    }
  }
}
